{
  "lockfile_version": "1",
  "packages": {
    "jq@latest": {
      "last_modified": "2024-04-28T10:22:29-04:00",
      "resolved": "github:NixOS/nixpkgs/cf8cc1201be8bc71b7cbbbdaf349b22f4f99c7ae#jq",
      "source": "devbox-search",
      "version": "1.7.1",
      "systems": {
        "aarch64-darwin": {
          "outputs": [
            {
              "name": "bin",
              "path": "/nix/store/cpd390lw7hzsbvsq02d3prxjyj987ykg-jq-1.7.1-bin",
              "default": true
            },
            {
              "name": "man",
              "path": "/nix/store/nm26pqk8f9cfdk42x0fzdhccfhijcycd-jq-1.7.1-man",
              "default": true
            },
            {
              "name": "lib",
              "path": "/nix/store/05mw0b8ririsykj8fpc1dy9lgnnlp77i-jq-1.7.1-lib"
            },
            {
              "name": "out",
              "path": "/nix/store/2il8xa2rsv55i0a86ivm59pndqfardhc-jq-1.7.1"
            },
            {
              "name": "dev",
              "path": "/nix/store/j1rai51ycjm9y5bayrfii1y0rqldbxxv-jq-1.7.1-dev"
            },
            {
              "name": "doc",
              "path": "/nix/store/a1sscyljd5lx674lh8ab7wjlb0d03x86-jq-1.7.1-doc"
            }
          ],
          "store_path": "/nix/store/cpd390lw7hzsbvsq02d3prxjyj987ykg-jq-1.7.1-bin"
        },
        "aarch64-linux": {
          "outputs": [
            {
              "name": "bin",
              "path": "/nix/store/www2wsy5azig3si2mcvcbig36npvz8p0-jq-1.7.1-bin",
              "default": true
            },
            {
              "name": "man",
              "path": "/nix/store/f8kd7zxmlciy87xrf1j36q2rymld3a22-jq-1.7.1-man",
              "default": true
            },
            {
              "name": "dev",
              "path": "/nix/store/b8ji00dhcknd1p9afa80ydral59z6dzp-jq-1.7.1-dev"
            },
            {
              "name": "doc",
              "path": "/nix/store/xmam34cnczr17warmz692jd3dyip25aq-jq-1.7.1-doc"
            },
            {
              "name": "lib",
              "path": "/nix/store/88miljr5qkqdzlhm7ib26fws4hkz04s8-jq-1.7.1-lib"
            },
            {
              "name": "out",
              "path": "/nix/store/dkpfzwwl049kk1dwnyjacabjvszjknww-jq-1.7.1"
            }
          ],
          "store_path": "/nix/store/www2wsy5azig3si2mcvcbig36npvz8p0-jq-1.7.1-bin"
        },
        "x86_64-darwin": {
          "outputs": [
            {
              "name": "bin",
              "path": "/nix/store/7v052gsm0fs3n9bcr9hdffspq8fnq872-jq-1.7.1-bin",
              "default": true
            },
            {
              "name": "man",
              "path": "/nix/store/dfsyxb7dqxwp3n1bnrzrvbz6lkmz8wyl-jq-1.7.1-man",
              "default": true
            },
            {
              "name": "out",
              "path": "/nix/store/fni2q2wmlr64d70j0dw97zhhzmay1nm3-jq-1.7.1"
            },
            {
              "name": "dev",
              "path": "/nix/store/p0q6vmks1ql07g9hv1p63mkvbs7331xq-jq-1.7.1-dev"
            },
            {
              "name": "doc",
              "path": "/nix/store/3mj72b0gx9kz2y04pcbnfvv6sk8y4jbi-jq-1.7.1-doc"
            },
            {
              "name": "lib",
              "path": "/nix/store/j5qzf4k1c747ci0fp2wdp9xa1czkb5s5-jq-1.7.1-lib"
            }
          ],
          "store_path": "/nix/store/7v052gsm0fs3n9bcr9hdffspq8fnq872-jq-1.7.1-bin"
        },
        "x86_64-linux": {
          "outputs": [
            {
              "name": "bin",
              "path": "/nix/store/sxmad6bc8j8qgqvcc7278fjsrgm89qkc-jq-1.7.1-bin",
              "default": true
            },
            {
              "name": "man",
              "path": "/nix/store/4d9grvh3ssqdqqzycbiyh535ikbs7rg7-jq-1.7.1-man",
              "default": true
            },
            {
              "name": "dev",
              "path": "/nix/store/82ma9xbiyybcqxmcqxd625hmv4nig19r-jq-1.7.1-dev"
            },
            {
              "name": "doc",
              "path": "/nix/store/q55rnn9jh9h3r6imb07w53dyk8d9sd1l-jq-1.7.1-doc"
            },
            {
              "name": "lib",
              "path": "/nix/store/rg32apprx9b1bidimbpypjcb3j4zp0vy-jq-1.7.1-lib"
            },
            {
              "name": "out",
              "path": "/nix/store/4isj4w52vpavwfd8yj9r78dmyg4zy48y-jq-1.7.1"
            }
          ],
          "store_path": "/nix/store/sxmad6bc8j8qgqvcc7278fjsrgm89qkc-jq-1.7.1-bin"
        }
      }
    },
    "moreutils@0.67": {
      "last_modified": "2023-11-17T09:14:56-05:00",
      "resolved": "github:NixOS/nixpkgs/a71323f68d4377d12c04a5410e214495ec598d4c#moreutils",
      "source": "devbox-search",
      "version": "0.67",
      "systems": {
        "aarch64-darwin": {
          "outputs": [
            {
              "name": "out",
              "path": "/nix/store/g4b14y1pyrb0jxjxzr0lphk75dwwrmzx-moreutils-0.67",
              "default": true
            }
          ],
          "store_path": "/nix/store/g4b14y1pyrb0jxjxzr0lphk75dwwrmzx-moreutils-0.67"
        },
        "aarch64-linux": {
          "outputs": [
            {
              "name": "out",
              "path": "/nix/store/c4gghx8jdaa5bk4m2rmhd797rdajnl60-moreutils-0.67",
              "default": true
            }
          ],
          "store_path": "/nix/store/c4gghx8jdaa5bk4m2rmhd797rdajnl60-moreutils-0.67"
        },
        "x86_64-darwin": {
          "outputs": [
            {
              "name": "out",
              "path": "/nix/store/s1229n7sznvsfi12gdkn7ppbcm4bj37m-moreutils-0.67",
              "default": true
            }
          ],
          "store_path": "/nix/store/s1229n7sznvsfi12gdkn7ppbcm4bj37m-moreutils-0.67"
        },
        "x86_64-linux": {
          "outputs": [
            {
              "name": "out",
              "path": "/nix/store/hagxcm328f3y0ahqqc2b6mqca099m57b-moreutils-0.67",
              "default": true
            }
          ],
          "store_path": "/nix/store/hagxcm328f3y0ahqqc2b6mqca099m57b-moreutils-0.67"
        }
      }
    },
    "packer@1.9.4": {
      "last_modified": "2023-11-17T09:14:56-05:00",
      "resolved": "github:NixOS/nixpkgs/a71323f68d4377d12c04a5410e214495ec598d4c#packer",
      "source": "devbox-search",
      "version": "1.9.4",
      "systems": {
        "aarch64-darwin": {
          "outputs": [
            {
              "name": "out",
              "path": "/nix/store/g1b19cns25y4ypwd2fi8ghdy2d5jk0n6-packer-1.9.4",
              "default": true
            }
          ],
          "store_path": "/nix/store/g1b19cns25y4ypwd2fi8ghdy2d5jk0n6-packer-1.9.4"
        },
        "aarch64-linux": {
          "outputs": [
            {
              "name": "out",
              "path": "/nix/store/50xq2ych2ciixknppczbi7nsimqkkj6p-packer-1.9.4",
              "default": true
            }
          ],
          "store_path": "/nix/store/50xq2ych2ciixknppczbi7nsimqkkj6p-packer-1.9.4"
        },
        "x86_64-darwin": {
          "outputs": [
            {
              "name": "out",
              "path": "/nix/store/p5074a43rvl8cl094v5laxx1bwfnj5j5-packer-1.9.4",
              "default": true
            }
          ],
          "store_path": "/nix/store/p5074a43rvl8cl094v5laxx1bwfnj5j5-packer-1.9.4"
        },
        "x86_64-linux": {
          "outputs": [
            {
              "name": "out",
              "path": "/nix/store/18zjkk36212rn0g90h9a08ymi6ix45wc-packer-1.9.4",
              "default": true
            }
          ],
          "store_path": "/nix/store/18zjkk36212rn0g90h9a08ymi6ix45wc-packer-1.9.4"
        }
      }
    },
    "terraform@latest": {
      "last_modified": "2024-04-25T03:38:28-04:00",
      "resolved": "github:NixOS/nixpkgs/b0d52b31f7f4d80f8bf38f0253652125579c35ff#terraform",
      "source": "devbox-search",
      "version": "1.8.2",
      "systems": {
        "aarch64-darwin": {
          "outputs": [
            {
              "name": "out",
              "path": "/nix/store/j2n1a0ik84pkhsh3ljx04rblia92kjz1-terraform-1.8.2",
              "default": true
            }
          ],
          "store_path": "/nix/store/j2n1a0ik84pkhsh3ljx04rblia92kjz1-terraform-1.8.2"
        },
        "aarch64-linux": {
          "outputs": [
            {
              "name": "out",
              "path": "/nix/store/d17m9sz40b2wz5y56hnp26ji53k12ywc-terraform-1.8.2",
              "default": true
            }
          ],
          "store_path": "/nix/store/d17m9sz40b2wz5y56hnp26ji53k12ywc-terraform-1.8.2"
        },
        "x86_64-darwin": {
          "outputs": [
            {
              "name": "out",
              "path": "/nix/store/dzc27ksd6fsby27izpm2fmvwfipnfygb-terraform-1.8.2",
              "default": true
            }
          ],
          "store_path": "/nix/store/dzc27ksd6fsby27izpm2fmvwfipnfygb-terraform-1.8.2"
        },
        "x86_64-linux": {
          "outputs": [
            {
              "name": "out",
              "path": "/nix/store/r6zrni9267fyfs49cv09avrarckbbb9a-terraform-1.8.2",
              "default": true
            }
          ],
          "store_path": "/nix/store/r6zrni9267fyfs49cv09avrarckbbb9a-terraform-1.8.2"
        }
      }
    }
  }
}
